{
  "name": "kuzzle-application",
  "version": "1.0.0",
  "lockfileVersion": 1,
  "requires": true,
  "dependencies": {
    "@babel/parser": {
      "version": "7.18.11",
      "resolved": "https://registry.npmjs.org/@babel/parser/-/parser-7.18.11.tgz",
      "integrity": "sha512-9JKn5vN+hDt0Hdqn1PiJ2guflwP+B6Ga8qbDuoF0PzzVhrzsKIJo8yGqVk6CmMHiMei9w1C1Bp9IMJSIK+HPIQ=="
    },
    "@interactjs/actions": {
      "version": "1.10.2",
      "resolved": "https://registry.npmjs.org/@interactjs/actions/-/actions-1.10.2.tgz",
      "integrity": "sha512-BHJcW84WCMf/LsKmha/1Yog7aH3+QBXbLvowvZvwYvgjdUIb3xCa1a7FUYXuWAeKNMyKPVjFun+WPce75B+1tA==",
      "requires": {
        "@interactjs/interact": "1.10.2"
      }
    },
    "@interactjs/arrange": {
      "version": "1.10.2",
      "resolved": "https://registry.npmjs.org/@interactjs/arrange/-/arrange-1.10.2.tgz",
      "integrity": "sha512-pPLA9o4RWMFN0VfalklOFSRLL4WqqXcD9no4XEuqV00goZPCxLBbMTztaWwnutlRy7evtOhUjUH+pZVsS+dZ4Q=="
    },
    "@interactjs/auto-scroll": {
      "version": "1.10.2",
      "resolved": "https://registry.npmjs.org/@interactjs/auto-scroll/-/auto-scroll-1.10.2.tgz",
      "integrity": "sha512-yYqzOawwvWd1NNnlqZdzrXoOMFafQ2/ws85erpJqdaNMQE221z2uP+QYhFRLQRgYUlTbHFfmjDpzhuJgq4uA8Q==",
      "requires": {
        "@interactjs/interact": "1.10.2"
      }
    },
    "@interactjs/auto-start": {
      "version": "1.10.2",
      "resolved": "https://registry.npmjs.org/@interactjs/auto-start/-/auto-start-1.10.2.tgz",
      "integrity": "sha512-nZudj8VzJzz+uEyDHqXwtKpvUYr+Oj1+xBrJEu21CywroHQWM2J4fCIiCgeCo3d5/p/TrzFk5b+YfAWePKiLxA==",
      "requires": {
        "@interactjs/interact": "1.10.2"
      }
    },
    "@interactjs/clone": {
      "version": "1.10.2",
      "resolved": "https://registry.npmjs.org/@interactjs/clone/-/clone-1.10.2.tgz",
      "integrity": "sha512-XzA8BRHSCwvysOegZ1kopg+IJF3erh4qzY6DRoZsIJovKAXawoa176E58IAzDbgYPJ2yoaSGT+XyzT2C0wa3pQ=="
    },
    "@interactjs/core": {
      "version": "1.10.2",
      "resolved": "https://registry.npmjs.org/@interactjs/core/-/core-1.10.2.tgz",
      "integrity": "sha512-SA5KRGo+gFJOhBj1Z2dLHhAf0/2nyHNd4SQ460aIQ3jj/QhqbJW6kGzmh7hBa2FzVGgxLhcQu7NZaP4rnDfUNw=="
    },
    "@interactjs/dev-tools": {
      "version": "1.10.2",
      "resolved": "https://registry.npmjs.org/@interactjs/dev-tools/-/dev-tools-1.10.2.tgz",
      "integrity": "sha512-aAd9NgTAGA3yVdFCYcAAYrM4TYQFuVqEvsF+xj+g5SlGyrJ7+GTjPZ2rScOyAsABY4Tz64L2pXvWmXMG87dncA==",
      "requires": {
        "@interactjs/interact": "1.10.2",
        "@interactjs/utils": "1.10.2"
      }
    },
    "@interactjs/feedback": {
      "version": "1.10.2",
      "resolved": "https://registry.npmjs.org/@interactjs/feedback/-/feedback-1.10.2.tgz",
      "integrity": "sha512-XlcoICGrFeUwwRtDgOpstOOvlU42WZoEg7gJHK3LwF7j0IctPd1+3blXofFlBeVvodle8MvUMepm5CRXz741fA=="
    },
    "@interactjs/inertia": {
      "version": "1.10.2",
      "resolved": "https://registry.npmjs.org/@interactjs/inertia/-/inertia-1.10.2.tgz",
      "integrity": "sha512-ZmN1joN6J36Q6SOp3V0iZOisXZOBMSAUj0STo8wbwCKy7K8IrC9vjUBbO2JM52cT6o7hg5ebHsp5c8FrebSHlg==",
      "requires": {
        "@interactjs/interact": "1.10.2",
        "@interactjs/offset": "1.10.2"
      }
    },
    "@interactjs/interact": {
      "version": "1.10.2",
      "resolved": "https://registry.npmjs.org/@interactjs/interact/-/interact-1.10.2.tgz",
      "integrity": "sha512-Ms5uVCY9IobVYpQyBnBdkP6Bk6iDY7TkC7GupsdUPUxzAvYSQCTEAGr/1PwxSrSS6dN/8O8TuyUWPbCaylr/JA==",
      "requires": {
        "@interactjs/core": "1.10.2",
        "@interactjs/types": "1.10.2",
        "@interactjs/utils": "1.10.2"
      }
    },
    "@interactjs/interactjs": {
      "version": "1.10.2",
      "resolved": "https://registry.npmjs.org/@interactjs/interactjs/-/interactjs-1.10.2.tgz",
      "integrity": "sha512-OwLl70af6lfZOOg/bvWKSNm1DS1nDI72QnzDYljSKfc2D8stqLIGDO1wPY2rhZudUG5q3t50EhmMUQF76yll/g==",
      "requires": {
        "@interactjs/actions": "1.10.2",
        "@interactjs/arrange": "1.10.2",
        "@interactjs/auto-scroll": "1.10.2",
        "@interactjs/auto-start": "1.10.2",
        "@interactjs/clone": "1.10.2",
        "@interactjs/core": "1.10.2",
        "@interactjs/dev-tools": "1.10.2",
        "@interactjs/feedback": "1.10.2",
        "@interactjs/inertia": "1.10.2",
        "@interactjs/interact": "1.10.2",
        "@interactjs/modifiers": "1.10.2",
        "@interactjs/multi-target": "1.10.2",
        "@interactjs/offset": "1.10.2",
        "@interactjs/pointer-events": "1.10.2",
        "@interactjs/react": "1.10.2",
        "@interactjs/reflow": "1.10.2",
        "@interactjs/utils": "1.10.2",
        "@interactjs/vue": "1.10.2"
      }
    },
    "@interactjs/modifiers": {
      "version": "1.10.2",
      "resolved": "https://registry.npmjs.org/@interactjs/modifiers/-/modifiers-1.10.2.tgz",
      "integrity": "sha512-3wYEucvZF2NTIslnVIKw5MWhkn9LM42cGCQaC19o3LZeWnbps7NnHJCyQp6zylJrCbwt7f+CSt4Oj2/s0f6XEA==",
      "requires": {
        "@interactjs/interact": "1.10.2",
        "@interactjs/snappers": "1.10.2"
      }
    },
    "@interactjs/multi-target": {
      "version": "1.10.2",
      "resolved": "https://registry.npmjs.org/@interactjs/multi-target/-/multi-target-1.10.2.tgz",
      "integrity": "sha512-O2GiIqgZBzjAVTOpL8doTnAcM9AtM3+H/Bb+An12wWKtNutVK7JbqUAO2nYueOk55/PP3yDLY9Qdr15RJns3lQ=="
    },
    "@interactjs/offset": {
      "version": "1.10.2",
      "resolved": "https://registry.npmjs.org/@interactjs/offset/-/offset-1.10.2.tgz",
      "integrity": "sha512-xLgQqinFUY7ZqSX9d9on7XRcxvQdHNEAktj2QFwxMsEwrA6zbKROpPVwt8WQ1yBAeJSFjgYGcmCMPW5K41dT0w==",
      "requires": {
        "@interactjs/interact": "1.10.2"
      }
    },
    "@interactjs/pointer-events": {
      "version": "1.10.2",
      "resolved": "https://registry.npmjs.org/@interactjs/pointer-events/-/pointer-events-1.10.2.tgz",
      "integrity": "sha512-O8s3N399hkGIzWGlcJVy0LJyDn5YWDh6XKjyowh/QivtlZSWPY8eglmlN2uZX0lmiqUYghbKI4CpQYP/cE0ZDA==",
      "requires": {
        "@interactjs/interact": "1.10.2"
      }
    },
    "@interactjs/react": {
      "version": "1.10.2",
      "resolved": "https://registry.npmjs.org/@interactjs/react/-/react-1.10.2.tgz",
      "integrity": "sha512-JXzPdANft+W2vq3SCSzprCwom5UuC8TaiAAhVdt8R+/P6xHbOeAX93XLS5YmDwT8e0Zh9J9jYvz55tkTdwjFZQ=="
    },
    "@interactjs/reflow": {
      "version": "1.10.2",
      "resolved": "https://registry.npmjs.org/@interactjs/reflow/-/reflow-1.10.2.tgz",
      "integrity": "sha512-pc6o6RRhSCYQC4auZexRb7z5FQkdSVev5HzlRfUAjfw4C076qgbcs63ESRKy4YXdSBtUTvARQZxpuWUNGquzJw==",
      "requires": {
        "@interactjs/interact": "1.10.2"
      }
    },
    "@interactjs/snappers": {
      "version": "1.10.2",
      "resolved": "https://registry.npmjs.org/@interactjs/snappers/-/snappers-1.10.2.tgz",
      "integrity": "sha512-wQ41Vn5GRn6VavjIEUtTkd9d5QgdKgC4+CPW0fjKkiQclLBmaic7VibNETO8twN0Jx5e73EoPj9K2nAVHIA0hA=="
    },
    "@interactjs/types": {
      "version": "1.10.2",
      "resolved": "https://registry.npmjs.org/@interactjs/types/-/types-1.10.2.tgz",
      "integrity": "sha512-l0T1bU8OHRv716ztQOYwP+K7b/lA76C0T3r/cdabbUv6CKeAFdFRRFlmNxYOM36SxMGWAiq5VWrN3SeXlB7Fow=="
    },
    "@interactjs/utils": {
      "version": "1.10.2",
      "resolved": "https://registry.npmjs.org/@interactjs/utils/-/utils-1.10.2.tgz",
      "integrity": "sha512-sOr+pu7XGAN4qv+ikajMo3RJygbkbMLegmx0Tv5Qf6e80sF42FjkmHeMGuV7fL98nwat0VmDiWerOFBnKctXow=="
    },
    "@interactjs/vue": {
      "version": "1.10.2",
      "resolved": "https://registry.npmjs.org/@interactjs/vue/-/vue-1.10.2.tgz",
      "integrity": "sha512-msLdc42DFsCPQZt6YBGZrw8Ro23kQcNnj+iLz2OUQcOrp/lma7WjorUuAwwfyFna2DevLtiYlMLbT0dpO/cVhg=="
    },
    "@kuzzleio/dashboard-builder": {
      "version": "0.5.7",
      "resolved": "https://packages.paas.kuzzle.io/@kuzzleio%2fdashboard-builder/-/ce4eed4db1e797635f71183137353550eb4c49361d7b24275bcdbb7ac9850f5c",
      "integrity": "sha512-ZuU6TFL7kRJASPBgMxk0NL6Udom4Ut2BaFxTnmTHgiz/6mFjvAlm7VCYwry58KtrtmreKreXjiKnyDecxu1dnw==",
      "requires": {
        "@vue/composition-api": "^1.4.0-beta.0",
        "@vuelidate/core": "^2.0.0-alpha.40",
        "@vuelidate/validators": "^2.0.0-alpha.28",
        "apexcharts": "^3.28.3",
        "core-js": "^3.6.5",
        "flat": "^5.0.2",
        "kuzzle-plugin-commons": "https://github.com/kuzzleio/kuzzle-plugin-commons/archive/refs/tags/1.0.4.tar.gz",
        "lodash": "^4.17.21",
        "uuid": "^8.3.2",
        "vue": "^2.6.14",
        "vue-apexcharts": "^1.6.2",
        "vue-color": "^2.8.1",
        "vue-datepicker-ui": "^2.3.0",
        "vue-grid-layout": "^2.3.12",
        "vue-multiselect": "^2.1.6",
        "vue-shared-components": "https://github.com/kuzzleio/vue-shared-components/archive/refs/tags/0.0.1.tar.gz",
        "vue2-leaflet-markercluster": "^3.1.0",
        "vuex": "^3.4.0"
      }
    },
    "@kuzzleio/plugin-multi-tenancy": {
      "version": "1.1.1",
      "resolved": "https://packages.paas.kuzzle.io/@kuzzleio%2fplugin-multi-tenancy/-/9056f6ed79b660031410c450bc6a2b5e94dfb025905246a766a401eba1d27eb1",
      "integrity": "sha512-h48Na9fQXutOiUWxK+CZCuL5JjKXBL5zuLu0izZwl3WjVx8FYzdM53KzPU1qLom4TbBoaKaL7rEW2o+q62093w==",
      "requires": {
        "bluebird": "^3.7.2"
      }
    },
    "@kuzzleio/plugin-workflows": {
      "version": "0.4.4",
      "resolved": "https://packages.paas.kuzzle.io/@kuzzleio%2fplugin-workflows/-/7e01454021b18bbc19631f4a9698adc7f7bd21f55e7cbee163a5278feae47295",
      "integrity": "sha512-PVCKfUa6387pDsRdEFS9H+P6T00nYGGIDAa4iZe8i4vO/t3DgB9X36vDaryfEFXNJATLeyIuQ4G2GsGW9uDnTQ==",
      "requires": {
        "bluebird": "~3.7.2",
        "debug": "^4.3.3",
        "kuzzle-plugin-commons": "https://github.com/kuzzleio/kuzzle-plugin-commons/archive/refs/tags/0.0.1.tar.gz",
        "lodash": "^4.17.21"
      },
      "dependencies": {
        "kuzzle-plugin-commons": {
          "version": "https://github.com/kuzzleio/kuzzle-plugin-commons/archive/refs/tags/0.0.1.tar.gz",
          "integrity": "sha512-+Ixzd4AKWfzgwXKSGc91jPLbB21oBo6KL0y2yh9TabFW3sZCwgi653/I18+UjcWWSLWzKklEVzZAUBdCrXUJ/A=="
        }
      }
    },
    "@kuzzleio/scheduler": {
      "version": "1.1.5",
      "resolved": "https://packages.paas.kuzzle.io/@kuzzleio%2fscheduler/-/754d5712aef1b77d4650e53b3ac5ca6f363b9faeddc606fc8d8f334066ddb763",
      "integrity": "sha512-Kpcz58bjkKo88yQsz+TCakWxavw8EoSCgYKb0qp9jiSyLrKXWwEJlun+TOfm5VYtXhCNgmXqcDhFNuDuzndu4A==",
      "requires": {
        "bluebird": "^3.7.2",
        "cron": "^1.8.2",
        "cronstrue": "^1.123.0",
        "kuzzle-plugin-commons": "https://github.com/kuzzleio/kuzzle-plugin-commons/archive/refs/tags/0.0.8.tar.gz",
        "luxon": "^2.3.0",
        "sorted-array": "^2.0.4"
      },
      "dependencies": {
        "kuzzle-plugin-commons": {
          "version": "https://github.com/kuzzleio/kuzzle-plugin-commons/archive/refs/tags/0.0.8.tar.gz",
          "integrity": "sha512-AuoPz+6zZiz2cFUTYF2xWOFe/pIR4JaY0+KTvaCkR0ms9dFzRIcsO4h3MlT4ZnKUcJHT6xu6504WgoSpQRyrZg=="
        }
      }
    },
    "@nuxt/opencollective": {
      "version": "0.3.3",
      "resolved": "https://registry.npmjs.org/@nuxt/opencollective/-/opencollective-0.3.3.tgz",
      "integrity": "sha512-6IKCd+gP0HliixqZT/p8nW3tucD6Sv/u/eR2A9X4rxT/6hXlMzA4GZQzq4d2qnBAwSwGpmKyzkyTjNjrhaA25A==",
      "requires": {
        "chalk": "^4.1.0",
        "consola": "^2.15.0",
        "node-fetch": "^2.6.7"
      }
    },
    "@types/json-schema": {
      "version": "7.0.11",
      "resolved": "https://registry.npmjs.org/@types/json-schema/-/json-schema-7.0.11.tgz",
      "integrity": "sha512-wOuvG1SN4Us4rez+tylwwwCV1psiNVOkJeM3AUWUNWg/jDQY2+HE/444y5gc+jBmRqASOm2Oeh5c1axHobwRKQ=="
    },
    "@vue/compiler-sfc": {
      "version": "2.7.8",
      "resolved": "https://registry.npmjs.org/@vue/compiler-sfc/-/compiler-sfc-2.7.8.tgz",
      "integrity": "sha512-2DK4YWKfgLnW9VDR9gnju1gcYRk3flKj8UNsms7fsRmFcg35slVTZEkqwBtX+wJBXaamFfn6NxSsZh3h12Ix/Q==",
      "requires": {
        "@babel/parser": "^7.18.4",
        "postcss": "^8.4.14",
        "source-map": "^0.6.1"
      }
    },
    "@vue/composition-api": {
      "version": "1.7.0",
      "resolved": "https://registry.npmjs.org/@vue/composition-api/-/composition-api-1.7.0.tgz",
      "integrity": "sha512-hxOgLYR+wjuPX9bkP2pAPlqUs98XxBoa9DSLyp1z6+YR92wC42PZcZKs4d+VRtcv4udOv041Kss+F6ap5nj8YA=="
    },
    "@vuelidate/core": {
      "version": "2.0.0-alpha.44",
      "resolved": "https://registry.npmjs.org/@vuelidate/core/-/core-2.0.0-alpha.44.tgz",
      "integrity": "sha512-3DlCe3E0RRXbB+OfPacUetKhLmXzmnjeHkzjnbkc03p06mKm6h9pXR5pd6Mv4s4tus4sieuKDb2YWNmKK6rQeA==",
      "requires": {
        "vue-demi": "^0.13.4"
      }
    },
    "@vuelidate/validators": {
      "version": "2.0.0-alpha.31",
      "resolved": "https://registry.npmjs.org/@vuelidate/validators/-/validators-2.0.0-alpha.31.tgz",
      "integrity": "sha512-+MFA9nZ7Y9zCpq383/voPDk/hiAmu6KqiJJhLOYB/FmrUPVoyKnuKnI9Bwiq8ok9GZlVkI8BnIrKPKGj9QpwiQ==",
      "requires": {
        "vue-demi": "^0.13.4"
      }
    },
    "ajv": {
      "version": "6.12.6",
      "resolved": "https://registry.npmjs.org/ajv/-/ajv-6.12.6.tgz",
      "integrity": "sha512-j3fVLgvTo527anyYyJOGTYJbG+vnnQYvE0m5mmkc1TK+nxAppkCLMIL0aZ4dblVCNoGShhm+kzE4ZUykBoMg4g==",
      "requires": {
        "fast-deep-equal": "^3.1.1",
        "fast-json-stable-stringify": "^2.0.0",
        "json-schema-traverse": "^0.4.1",
        "uri-js": "^4.2.2"
      }
    },
    "ajv-keywords": {
      "version": "3.5.2",
      "resolved": "https://registry.npmjs.org/ajv-keywords/-/ajv-keywords-3.5.2.tgz",
      "integrity": "sha512-5p6WTN0DdTGVQk6VjcEju19IgaHudalcfabD7yhDGeA6bcQnmL+CpveLJq/3hvfwd1aof6L386Ougkx6RfyMIQ=="
    },
    "ansi-styles": {
      "version": "4.3.0",
      "resolved": "https://registry.npmjs.org/ansi-styles/-/ansi-styles-4.3.0.tgz",
      "integrity": "sha512-zbB9rCJAT1rbjiVDb2hqKFHNYLxgtk8NURxZ3IZwD3F6NtxbXZQCnnSi1Lkx+IDohdPlFp222wVALIheZJQSEg==",
      "requires": {
        "color-convert": "^2.0.1"
      }
    },
    "anymatch": {
      "version": "3.1.2",
      "resolved": "https://registry.npmjs.org/anymatch/-/anymatch-3.1.2.tgz",
      "integrity": "sha512-P43ePfOAIupkguHUycrc4qJ9kz8ZiuOUijaETwX7THt0Y/GNK7v0aa8rY816xWjZ7rJdA5XdMcpVFTKMq+RvWg==",
      "requires": {
        "normalize-path": "^3.0.0",
        "picomatch": "^2.0.4"
      }
    },
    "apexcharts": {
      "version": "3.35.4",
      "resolved": "https://registry.npmjs.org/apexcharts/-/apexcharts-3.35.4.tgz",
      "integrity": "sha512-dsXjETHF2OmKtxNv66wBeFGU2qtZQnr6kp/vcNY05GWs4vcBepg54qNgOJ2Gp/gXskiGw/frrmIKGi8lJ/UDnQ==",
      "requires": {
        "svg.draggable.js": "^2.2.2",
        "svg.easing.js": "^2.0.0",
        "svg.filter.js": "^2.0.2",
        "svg.pathmorphing.js": "^0.1.3",
        "svg.resize.js": "^1.4.3",
        "svg.select.js": "^3.0.1"
      }
    },
    "batch-processor": {
      "version": "1.0.0",
      "resolved": "https://registry.npmjs.org/batch-processor/-/batch-processor-1.0.0.tgz",
      "integrity": "sha512-xoLQD8gmmR32MeuBHgH0Tzd5PuSZx71ZsbhVxOCRbgktZEPe4SQy7s9Z50uPp0F/f7iw2XmkHN2xkgbMfckMDA=="
    },
    "big.js": {
      "version": "5.2.2",
      "resolved": "https://registry.npmjs.org/big.js/-/big.js-5.2.2.tgz",
      "integrity": "sha512-vyL2OymJxmarO8gxMr0mhChsO9QGwhynfuu4+MHTAW6czfq9humCB7rKpUjDd9YUiDPU4mzpyupFSvOClAwbmQ=="
    },
    "binary-extensions": {
      "version": "2.2.0",
      "resolved": "https://registry.npmjs.org/binary-extensions/-/binary-extensions-2.2.0.tgz",
      "integrity": "sha512-jDctJ/IVQbZoJykoeHbhXpOlNBqGNcwXJKJog42E5HDPUwQTSdjCHdihjj0DlnheQ7blbT6dHOafNAiS8ooQKA=="
    },
    "bluebird": {
      "version": "3.7.2",
      "resolved": "https://registry.npmjs.org/bluebird/-/bluebird-3.7.2.tgz",
      "integrity": "sha512-XpNj6GDQzdfW+r2Wnn7xiSAd7TM3jzkxGXBGTtWKuSXv1xUV+azxAm8jdWZN06QTQk+2N2XB9jRDkvbmQmcRtg=="
    },
    "bootstrap": {
      "version": "4.6.2",
      "resolved": "https://registry.npmjs.org/bootstrap/-/bootstrap-4.6.2.tgz",
      "integrity": "sha512-51Bbp/Uxr9aTuy6ca/8FbFloBUJZLHwnhTcnjIeRn2suQWsWzcuJhGjKDB5eppVte/8oCdOL3VuwxvZDUggwGQ=="
    },
    "bootstrap-vue": {
      "version": "2.22.0",
      "resolved": "https://registry.npmjs.org/bootstrap-vue/-/bootstrap-vue-2.22.0.tgz",
      "integrity": "sha512-denjR/ae0K7Jrcqud3TrZWw0p/crtyigeGUNunWQ4t+KFi+7rzJ6j6lx1W5/gpUtSSUgNbWrXcHH4lIWXzXOOQ==",
      "requires": {
        "@nuxt/opencollective": "^0.3.2",
        "bootstrap": "^4.6.1",
        "popper.js": "^1.16.1",
        "portal-vue": "^2.1.7",
        "vue-functional-data-merge": "^3.1.0"
      }
    },
    "braces": {
      "version": "3.0.2",
      "resolved": "https://registry.npmjs.org/braces/-/braces-3.0.2.tgz",
      "integrity": "sha512-b8um+L1RzM3WDSzvhm6gIz1yfTbBt6YTlcEKAvsmqCZZFw46z626lVj9j1yEPW33H5H+lBQpZMP1k8l+78Ha0A==",
      "requires": {
        "fill-range": "^7.0.1"
      }
    },
    "calendar-data-generate": {
      "version": "1.0.3",
      "resolved": "https://registry.npmjs.org/calendar-data-generate/-/calendar-data-generate-1.0.3.tgz",
      "integrity": "sha512-B5Gzp1Z+KASQX+LdUNb5fjFvv2ONhLet4vGV6wJbvw0fFSPPW/vbundamN6vJ6RZEghiR8n09vsKLMX+f5sFpQ=="
    },
    "chalk": {
      "version": "4.1.2",
      "resolved": "https://registry.npmjs.org/chalk/-/chalk-4.1.2.tgz",
      "integrity": "sha512-oKnbhFyRIXpUuez8iBMmyEa4nbj4IOQyuhc/wy9kY7/WVPcwIO9VA668Pu8RkO7+0G76SLROeyw9CpQ061i4mA==",
      "requires": {
        "ansi-styles": "^4.1.0",
        "supports-color": "^7.1.0"
      }
    },
    "chokidar": {
      "version": "3.5.3",
      "resolved": "https://registry.npmjs.org/chokidar/-/chokidar-3.5.3.tgz",
      "integrity": "sha512-Dr3sfKRP6oTcjf2JmUmFJfeVMvXBdegxB0iVQ5eb2V10uFJUCAS8OByZdVAyVb8xXNz3GjjTgj9kLWsZTqE6kw==",
      "requires": {
        "anymatch": "~3.1.2",
        "braces": "~3.0.2",
        "fsevents": "~2.3.2",
        "glob-parent": "~5.1.2",
        "is-binary-path": "~2.1.0",
        "is-glob": "~4.0.1",
        "normalize-path": "~3.0.0",
        "readdirp": "~3.6.0"
      }
    },
    "clamp": {
      "version": "1.0.1",
      "resolved": "https://registry.npmjs.org/clamp/-/clamp-1.0.1.tgz",
      "integrity": "sha512-kgMuFyE78OC6Dyu3Dy7vcx4uy97EIbVxJB/B0eJ3bUNAkwdNcxYzgKltnyADiYwsR7SEqkkUPsEUT//OVS6XMA=="
    },
    "color-convert": {
      "version": "2.0.1",
      "resolved": "https://registry.npmjs.org/color-convert/-/color-convert-2.0.1.tgz",
      "integrity": "sha512-RRECPsj7iu/xb5oKYcsFHSppFNnsj/52OVTRKb4zP5onXwVF3zVmmToNcOfGC+CRDpfK/U584fMg38ZHCaElKQ==",
      "requires": {
        "color-name": "~1.1.4"
      }
    },
    "color-name": {
      "version": "1.1.4",
      "resolved": "https://registry.npmjs.org/color-name/-/color-name-1.1.4.tgz",
      "integrity": "sha512-dOy+3AuW3a2wNbZHIuMZpTcgjGuLU/uBL/ubcZF9OXbDo8ff4O8yVp5Bf0efS8uEoYo5q4Fx7dY9OgQGXgAsQA=="
    },
    "consola": {
      "version": "2.15.3",
      "resolved": "https://registry.npmjs.org/consola/-/consola-2.15.3.tgz",
      "integrity": "sha512-9vAdYbHj6x2fLKC4+oPH0kFzY/orMZyG2Aj+kNylHxKGJ/Ed4dpNyAQYwJOdqO4zdM7XpVHmyejQDcQHrnuXbw=="
    },
    "core-js": {
      "version": "3.24.1",
      "resolved": "https://registry.npmjs.org/core-js/-/core-js-3.24.1.tgz",
      "integrity": "sha512-0QTBSYSUZ6Gq21utGzkfITDylE8jWC9Ne1D2MrhvlsZBI1x39OdDIVbzSqtgMndIy6BlHxBXpMGqzZmnztg2rg=="
    },
    "cron": {
      "version": "1.8.2",
      "resolved": "https://registry.npmjs.org/cron/-/cron-1.8.2.tgz",
      "integrity": "sha512-Gk2c4y6xKEO8FSAUTklqtfSr7oTq0CiPQeLBG5Fl0qoXpZyMcj1SG59YL+hqq04bu6/IuEA7lMkYDAplQNKkyg==",
      "requires": {
        "moment-timezone": "^0.5.x"
      }
    },
    "cronstrue": {
      "version": "1.125.0",
      "resolved": "https://registry.npmjs.org/cronstrue/-/cronstrue-1.125.0.tgz",
      "integrity": "sha512-qkC5mVbVGuuyBVXmam5anaRtbLcgfBUKajoyZqCdf/XBdgF43PsLSEm8eEi2dsI3YbqDPbLSH2mWNzM1dVqHgQ=="
    },
    "csstype": {
      "version": "3.1.0",
      "resolved": "https://registry.npmjs.org/csstype/-/csstype-3.1.0.tgz",
      "integrity": "sha512-uX1KG+x9h5hIJsaKR9xHUeUraxf8IODOwq9JLNPq6BwB04a/xgpq3rcx47l5BZu5zBPlgD342tdke3Hom/nJRA=="
    },
    "csvtojson": {
      "version": "2.0.10",
      "resolved": "https://registry.npmjs.org/csvtojson/-/csvtojson-2.0.10.tgz",
      "integrity": "sha512-lUWFxGKyhraKCW8Qghz6Z0f2l/PqB1W3AO0HKJzGIQ5JRSlR651ekJDiGJbBT4sRNNv5ddnSGVEnsxP9XRCVpQ==",
      "requires": {
        "bluebird": "^3.5.1",
        "lodash": "^4.17.3",
        "strip-bom": "^2.0.0"
      }
    },
    "debounce": {
      "version": "1.2.1",
      "resolved": "https://registry.npmjs.org/debounce/-/debounce-1.2.1.tgz",
      "integrity": "sha512-XRRe6Glud4rd/ZGQfiV1ruXSfbvfJedlV9Y6zOlP+2K04vBYiJEte6stfFkCP03aMnY5tsipamumUjL14fofug=="
    },
    "debug": {
      "version": "4.3.4",
      "resolved": "https://registry.npmjs.org/debug/-/debug-4.3.4.tgz",
      "integrity": "sha512-PRWFHuSU3eDtQJPvnNY7Jcket1j0t5OuOsFzPPzsekD52Zl8qUfFIPEiswXqIvHWGVHOgX+7G/vCNNhehwxfkQ==",
      "requires": {
        "ms": "2.1.2"
      }
    },
    "element-resize-detector": {
      "version": "1.2.4",
      "resolved": "https://registry.npmjs.org/element-resize-detector/-/element-resize-detector-1.2.4.tgz",
      "integrity": "sha512-Fl5Ftk6WwXE0wqCgNoseKWndjzZlDCwuPTcoVZfCP9R3EHQF8qUtr3YUPNETegRBOKqQKPW3n4kiIWngGi8tKg==",
      "requires": {
        "batch-processor": "1.0.0"
      }
    },
    "emojis-list": {
      "version": "3.0.0",
      "resolved": "https://registry.npmjs.org/emojis-list/-/emojis-list-3.0.0.tgz",
      "integrity": "sha512-/kyM18EfinwXZbno9FyUGeFh87KC8HRQBQGildHZbEuRyWFOmv1U10o9BBp8XVZDVNNuQKyIGIu5ZYAAXJ0V2Q=="
    },
    "fast-deep-equal": {
      "version": "3.1.3",
      "resolved": "https://registry.npmjs.org/fast-deep-equal/-/fast-deep-equal-3.1.3.tgz",
      "integrity": "sha512-f3qQ9oQy9j2AhBe/H9VC91wLmKBCCU/gDOnKNAYG5hswO7BLKj09Hc5HYNz9cGI++xlpDCIgDaitVs03ATR84Q=="
    },
    "fast-json-stable-stringify": {
      "version": "2.1.0",
      "resolved": "https://registry.npmjs.org/fast-json-stable-stringify/-/fast-json-stable-stringify-2.1.0.tgz",
      "integrity": "sha512-lhd/wF+Lk98HZoTCtlVraHtfh5XYijIjalXck7saUtuanSDyLMxnHhSXEDJqHxD7msR8D0uCmqlkwjCV8xvwHw=="
    },
    "fill-range": {
      "version": "7.0.1",
      "resolved": "https://registry.npmjs.org/fill-range/-/fill-range-7.0.1.tgz",
      "integrity": "sha512-qOo9F+dMUmC2Lcb4BbVvnKJxTPjCm+RRpe4gDuGrzkL7mEVl/djYSu2OdQ2Pa302N4oqkSg9ir6jaLWJ2USVpQ==",
      "requires": {
        "to-regex-range": "^5.0.1"
      }
    },
    "flat": {
      "version": "5.0.2",
      "resolved": "https://registry.npmjs.org/flat/-/flat-5.0.2.tgz",
      "integrity": "sha512-b6suED+5/3rTpUBdG1gupIl8MPFCAMA0QXwmljLhvCUKcUvdE4gWky9zpuGCcXHOsz4J9wPGNWq6OKpmIzz3hQ=="
    },
    "fsevents": {
      "version": "2.3.2",
      "resolved": "https://registry.npmjs.org/fsevents/-/fsevents-2.3.2.tgz",
      "integrity": "sha512-xiqMQR4xAeHTuB9uWm+fFRcIOgKBMiOBP+eXiyT7jsgVCq1bkVygt00oASowB7EdtpOHaaPgKt812P9ab+DDKA==",
      "optional": true
    },
    "glob-parent": {
      "version": "5.1.2",
      "resolved": "https://registry.npmjs.org/glob-parent/-/glob-parent-5.1.2.tgz",
      "integrity": "sha512-AOIgSQCepiJYwP3ARnGx+5VnTu2HBYdzbGP45eLw1vr3zB3vZLeyed1sC9hnbcOc9/SrMyM5RPQrkGz4aS9Zow==",
      "requires": {
        "is-glob": "^4.0.1"
      }
    },
    "has-flag": {
      "version": "4.0.0",
      "resolved": "https://registry.npmjs.org/has-flag/-/has-flag-4.0.0.tgz",
      "integrity": "sha512-EykJT/Q1KjTWctppgIAgfSO0tKVuZUjhgMr17kqTumMl6Afv3EISleU7qZUzoXDFTAHTDC4NOoG/ZxU3EvlMPQ=="
    },
    "immutable": {
      "version": "4.1.0",
      "resolved": "https://registry.npmjs.org/immutable/-/immutable-4.1.0.tgz",
      "integrity": "sha512-oNkuqVTA8jqG1Q6c+UglTOD1xhC1BtjKI7XkCXRkZHrN5m18/XsnUp8Q89GkQO/z+0WjonSvl0FLhDYftp46nQ=="
    },
    "is-binary-path": {
      "version": "2.1.0",
      "resolved": "https://registry.npmjs.org/is-binary-path/-/is-binary-path-2.1.0.tgz",
      "integrity": "sha512-ZMERYes6pDydyuGidse7OsHxtbI7WVeUEozgR/g7rd0xUimYNlvZRE/K2MgZTjWy725IfelLeVcEM97mmtRGXw==",
      "requires": {
        "binary-extensions": "^2.0.0"
      }
    },
    "is-extglob": {
      "version": "2.1.1",
      "resolved": "https://registry.npmjs.org/is-extglob/-/is-extglob-2.1.1.tgz",
      "integrity": "sha512-SbKbANkN603Vi4jEZv49LeVJMn4yGwsbzZworEoyEiutsN3nJYdbO36zfhGJ6QEDpOZIFkDtnq5JRxmvl3jsoQ=="
    },
    "is-glob": {
      "version": "4.0.3",
      "resolved": "https://registry.npmjs.org/is-glob/-/is-glob-4.0.3.tgz",
      "integrity": "sha512-xelSayHH36ZgE7ZWhli7pW34hNbNl8Ojv5KVmkJD4hBdD3th8Tfk9vYasLM+mXWOZhFkgZfxhLSnrwRr4elSSg==",
      "requires": {
        "is-extglob": "^2.1.1"
      }
    },
    "is-number": {
      "version": "7.0.0",
      "resolved": "https://registry.npmjs.org/is-number/-/is-number-7.0.0.tgz",
      "integrity": "sha512-41Cifkg6e8TylSpdtTpeLVMqvSBEVzTttHvERD741+pnZ8ANv0004MRL43QKPDlK9cGvNp6NZWZUBlbGXYxxng=="
    },
    "is-utf8": {
      "version": "0.2.1",
      "resolved": "https://registry.npmjs.org/is-utf8/-/is-utf8-0.2.1.tgz",
      "integrity": "sha512-rMYPYvCzsXywIsldgLaSoPlw5PfoB/ssr7hY4pLfcodrA5M/eArza1a9VmTiNIBNMjOGr1Ow9mTyU2o69U6U9Q=="
    },
    "json-schema-traverse": {
      "version": "0.4.1",
      "resolved": "https://registry.npmjs.org/json-schema-traverse/-/json-schema-traverse-0.4.1.tgz",
      "integrity": "sha512-xbbCH5dCYU5T8LcEhhuh7HJ88HXuW3qsI3Y0zOZFKfZEHcpWiHU/Jxzk629Brsab/mMiHQti9wMP+845RPe3Vg=="
    },
    "json-stable-stringify": {
      "version": "1.0.1",
      "resolved": "https://registry.npmjs.org/json-stable-stringify/-/json-stable-stringify-1.0.1.tgz",
      "integrity": "sha512-i/J297TW6xyj7sDFa7AmBPkQvLIxWr2kKPWI26tXydnZrzVAocNqn5DMNT1Mzk0vit1V5UkRM7C1KdVNp7Lmcg==",
      "requires": {
        "jsonify": "~0.0.0"
      }
    },
    "json5": {
      "version": "2.2.1",
      "resolved": "https://registry.npmjs.org/json5/-/json5-2.2.1.tgz",
      "integrity": "sha512-1hqLFMSrGHRHxav9q9gNjJ5EXznIxGVO09xQRrwplcS8qs28pZ8s8hupZAmqDwZUmVZ2Qb2jnyPOWcDH8m8dlA=="
    },
    "jsonify": {
      "version": "0.0.0",
      "resolved": "https://registry.npmjs.org/jsonify/-/jsonify-0.0.0.tgz",
      "integrity": "sha512-trvBk1ki43VZptdBI5rIlG4YOzyeH/WefQt5rj1grasPn4iiZWKet8nkgc4GlsAylaztn0qZfUYOiTsASJFdNA=="
    },
    "klona": {
      "version": "2.0.5",
      "resolved": "https://registry.npmjs.org/klona/-/klona-2.0.5.tgz",
      "integrity": "sha512-pJiBpiXMbt7dkzXe8Ghj/u4FfXOOa98fPW+bihOJ4SjnoijweJrNThJfd3ifXpXhREjpoF2mZVH1GfS9LV3kHQ=="
    },
    "kuzzle-device-manager": {
      "version": "2.0.0-rc8",
      "resolved": "https://registry.npmjs.org/kuzzle-device-manager/-/kuzzle-device-manager-2.0.0-rc8.tgz",
      "integrity": "sha512-D+EO/wnAOCC1qbwVRLtAzAsB/CLPqFsC9CdGvHd2gBwWyjpAv60NlTsdsgOSeadulm9zthVMCZp7/fbz/375Ug==",
      "requires": {
        "csvtojson": "~2.0.10",
        "json-stable-stringify": "^1.0.1",
        "kuzzle-plugin-commons": "https://github.com/kuzzleio/kuzzle-plugin-commons/archive/refs/tags/1.0.4.tar.gz",
        "lodash": "^4.17.21",
        "uuid": "~8.3.2"
      }
    },
    "kuzzle-plugin-commons": {
      "version": "https://github.com/kuzzleio/kuzzle-plugin-commons/archive/refs/tags/1.0.4.tar.gz",
      "integrity": "sha512-BuqqI8kzDt8MRU9MZxKONOJXxKEwFU/wd+oqbom/gQguO2Kg4bSh4uECurJW3U7P5NLmh+x5sah+nYJhSOLdWw=="
    },
    "leaflet.markercluster": {
      "version": "1.5.3",
      "resolved": "https://registry.npmjs.org/leaflet.markercluster/-/leaflet.markercluster-1.5.3.tgz",
      "integrity": "sha512-vPTw/Bndq7eQHjLBVlWpnGeLa3t+3zGiuM7fJwCkiMFq+nmRuG3RI3f7f4N4TDX7T4NpbAXpR2+NTRSEGfCSeA=="
    },
    "loader-utils": {
      "version": "2.0.2",
      "resolved": "https://registry.npmjs.org/loader-utils/-/loader-utils-2.0.2.tgz",
      "integrity": "sha512-TM57VeHptv569d/GKh6TAYdzKblwDNiumOdkFnejjD0XwTH87K90w3O7AiJRqdQoXygvi1VQTJTLGhJl7WqA7A==",
      "requires": {
        "big.js": "^5.2.2",
        "emojis-list": "^3.0.0",
        "json5": "^2.1.2"
      }
    },
    "lodash": {
      "version": "4.17.21",
      "resolved": "https://registry.npmjs.org/lodash/-/lodash-4.17.21.tgz",
      "integrity": "sha512-v2kDEe57lecTulaDIuNTPy3Ry4gLGJ6Z1O3vE1krgXZNrsQ+LFTGHVxVjcXPs17LhbZVGedAJv8XZ1tvj5FvSg=="
    },
    "lodash.throttle": {
      "version": "4.1.1",
      "resolved": "https://registry.npmjs.org/lodash.throttle/-/lodash.throttle-4.1.1.tgz",
      "integrity": "sha512-wIkUCfVKpVsWo3JSZlc+8MB5it+2AN5W8J7YVMST30UrvcQNZ1Okbj+rbVniijTWE6FGYy4XJq/rHkas8qJMLQ=="
    },
    "lru-cache": {
      "version": "6.0.0",
      "resolved": "https://registry.npmjs.org/lru-cache/-/lru-cache-6.0.0.tgz",
      "integrity": "sha512-Jo6dJ04CmSjuznwJSS3pUeWmd/H0ffTlkXXgwZi+eq1UCmqQwCh+eLsYOYCwY991i2Fah4h1BEMCx4qThGbsiA==",
      "requires": {
        "yallist": "^4.0.0"
      }
    },
    "luxon": {
      "version": "2.5.0",
      "resolved": "https://registry.npmjs.org/luxon/-/luxon-2.5.0.tgz",
      "integrity": "sha512-IDkEPB80Rb6gCAU+FEib0t4FeJ4uVOuX1CQ9GsvU3O+JAGIgu0J7sf1OarXKaKDygTZIoJyU6YdZzTFRu+YR0A=="
    },
    "material-colors": {
      "version": "1.2.6",
      "resolved": "https://registry.npmjs.org/material-colors/-/material-colors-1.2.6.tgz",
      "integrity": "sha512-6qE4B9deFBIa9YSpOc9O0Sgc43zTeVYbgDT5veRKSlB2+ZuHNoVVxA1L/ckMUayV9Ay9y7Z/SZCLcGteW9i7bg=="
    },
    "moment": {
      "version": "2.29.4",
      "resolved": "https://registry.npmjs.org/moment/-/moment-2.29.4.tgz",
      "integrity": "sha512-5LC9SOxjSc2HF6vO2CyuTDNivEdoz2IvyJJGj6X8DJ0eFyfszE0QiEd+iXmBvUP3WHxSjFH/vIsA0EN00cgr8w=="
    },
    "moment-timezone": {
      "version": "0.5.34",
      "resolved": "https://registry.npmjs.org/moment-timezone/-/moment-timezone-0.5.34.tgz",
      "integrity": "sha512-3zAEHh2hKUs3EXLESx/wsgw6IQdusOT8Bxm3D9UrHPQR7zlMmzwybC8zHEM1tQ4LJwP7fcxrWr8tuBg05fFCbg==",
      "requires": {
        "moment": ">= 2.9.0"
      }
    },
    "ms": {
      "version": "2.1.2",
      "resolved": "https://registry.npmjs.org/ms/-/ms-2.1.2.tgz",
      "integrity": "sha512-sGkPx+VjMtmA6MX27oA4FBFELFCZZ4S4XqeGOXCv68tT+jb3vk/RyaKWP0PTKyWtmLSM0b+adUTEvbs1PEaH2w=="
    },
    "nanoid": {
      "version": "3.3.4",
      "resolved": "https://registry.npmjs.org/nanoid/-/nanoid-3.3.4.tgz",
      "integrity": "sha512-MqBkQh/OHTS2egovRtLk45wEyNXwF+cokD+1YPf9u5VfJiRdAiRwB2froX5Co9Rh20xs4siNPm8naNotSD6RBw=="
    },
    "neo-async": {
      "version": "2.6.2",
      "resolved": "https://registry.npmjs.org/neo-async/-/neo-async-2.6.2.tgz",
      "integrity": "sha512-Yd3UES5mWCSqR+qNT93S3UoYUkqAZ9lLg8a7g9rimsWmYGK8cVToA4/sF3RrshdyV3sAGMXVUmpMYOw+dLpOuw=="
    },
    "node-fetch": {
      "version": "2.6.7",
      "resolved": "https://registry.npmjs.org/node-fetch/-/node-fetch-2.6.7.tgz",
      "integrity": "sha512-ZjMPFEfVx5j+y2yF35Kzx5sF7kDzxuDj6ziH4FFbOp87zKDZNx8yExJIb05OGF4Nlt9IHFIMBkRl41VdvcNdbQ==",
      "requires": {
        "whatwg-url": "^5.0.0"
      }
    },
    "normalize-path": {
      "version": "3.0.0",
      "resolved": "https://registry.npmjs.org/normalize-path/-/normalize-path-3.0.0.tgz",
      "integrity": "sha512-6eZs5Ls3WtCisHWp9S2GUy8dqkpGi4BVSz3GaqiE6ezub0512ESztXUwUB6C6IKbQkY2Pnb/mD4WYojCRwcwLA=="
    },
    "picocolors": {
      "version": "1.0.0",
      "resolved": "https://registry.npmjs.org/picocolors/-/picocolors-1.0.0.tgz",
      "integrity": "sha512-1fygroTLlHu66zi26VoTDv8yRgm0Fccecssto+MhsZ0D/DGW2sm8E8AjW7NU5VVTRt5GxbeZ5qBuJr+HyLYkjQ=="
    },
    "picomatch": {
      "version": "2.3.1",
      "resolved": "https://registry.npmjs.org/picomatch/-/picomatch-2.3.1.tgz",
      "integrity": "sha512-JU3teHTNjmE2VCGFzuY8EXzCDVwEqB2a8fsIvwaStHhAWJEeVd1o1QD80CU6+ZdEXXSLbSsuLwJjkCBWqRQUVA=="
    },
    "popper.js": {
      "version": "1.16.1",
      "resolved": "https://registry.npmjs.org/popper.js/-/popper.js-1.16.1.tgz",
      "integrity": "sha512-Wb4p1J4zyFTbM+u6WuO4XstYx4Ky9Cewe4DWrel7B0w6VVICvPwdOpotjzcf6eD8TsckVnIMNONQyPIUFOUbCQ=="
    },
    "portal-vue": {
      "version": "2.1.7",
      "resolved": "https://registry.npmjs.org/portal-vue/-/portal-vue-2.1.7.tgz",
      "integrity": "sha512-+yCno2oB3xA7irTt0EU5Ezw22L2J51uKAacE/6hMPMoO/mx3h4rXFkkBkT4GFsMDv/vEe8TNKC3ujJJ0PTwb6g=="
    },
    "postcss": {
      "version": "8.4.16",
      "resolved": "https://registry.npmjs.org/postcss/-/postcss-8.4.16.tgz",
      "integrity": "sha512-ipHE1XBvKzm5xI7hiHCZJCSugxvsdq2mPnsq5+UF+VHCjiBvtDrlxJfMBToWaP9D5XlgNmcFGqoHmUn0EYEaRQ==",
      "requires": {
        "nanoid": "^3.3.4",
        "picocolors": "^1.0.0",
        "source-map-js": "^1.0.2"
      }
    },
    "punycode": {
      "version": "2.1.1",
      "resolved": "https://registry.npmjs.org/punycode/-/punycode-2.1.1.tgz",
      "integrity": "sha512-XRsRjdf+j5ml+y/6GKHPZbrF/8p2Yga0JPtdqTIY2Xe5ohJPD9saDJJLPvp9+NSBprVvevdXZybnj2cv8OEd0A=="
    },
    "readdirp": {
      "version": "3.6.0",
      "resolved": "https://registry.npmjs.org/readdirp/-/readdirp-3.6.0.tgz",
      "integrity": "sha512-hOS089on8RduqdbhvQ5Z37A0ESjsqz6qnRcffsMU3495FuTdqSm+7bhJ29JvIOsBDEEnan5DPu9t3To9VRlMzA==",
      "requires": {
        "picomatch": "^2.2.1"
      }
    },
    "sass": {
      "version": "1.54.3",
      "resolved": "https://registry.npmjs.org/sass/-/sass-1.54.3.tgz",
      "integrity": "sha512-fLodey5Qd41Pxp/Tk7Al97sViYwF/TazRc5t6E65O7JOk4XF8pzwIW7CvCxYVOfJFFI/1x5+elDyBIixrp+zrw==",
      "requires": {
        "chokidar": ">=3.0.0 <4.0.0",
        "immutable": "^4.0.0",
        "source-map-js": ">=0.6.2 <2.0.0"
      }
    },
    "sass-loader": {
      "version": "10.1.1",
      "resolved": "https://registry.npmjs.org/sass-loader/-/sass-loader-10.1.1.tgz",
      "integrity": "sha512-W6gVDXAd5hR/WHsPicvZdjAWHBcEJ44UahgxcIE196fW2ong0ZHMPO1kZuI5q0VlvMQZh32gpv69PLWQm70qrw==",
      "requires": {
        "klona": "^2.0.4",
        "loader-utils": "^2.0.0",
        "neo-async": "^2.6.2",
        "schema-utils": "^3.0.0",
        "semver": "^7.3.2"
      }
    },
    "schema-utils": {
      "version": "3.1.1",
      "resolved": "https://registry.npmjs.org/schema-utils/-/schema-utils-3.1.1.tgz",
      "integrity": "sha512-Y5PQxS4ITlC+EahLuXaY86TXfR7Dc5lw294alXOq86JAHCihAIZfqv8nNCWvaEJvaC51uN9hbLGeV0cFBdH+Fw==",
      "requires": {
        "@types/json-schema": "^7.0.8",
        "ajv": "^6.12.5",
        "ajv-keywords": "^3.5.2"
      }
    },
    "semver": {
      "version": "7.3.7",
      "resolved": "https://registry.npmjs.org/semver/-/semver-7.3.7.tgz",
      "integrity": "sha512-QlYTucUYOews+WeEujDoEGziz4K6c47V/Bd+LjSSYcA94p+DmINdf7ncaUinThfvZyu13lN9OY1XDxt8C0Tw0g==",
      "requires": {
        "lru-cache": "^6.0.0"
      }
    },
    "sorted-array": {
      "version": "2.0.4",
      "resolved": "https://registry.npmjs.org/sorted-array/-/sorted-array-2.0.4.tgz",
      "integrity": "sha512-58INzrX0rL6ttCfsGoFmOuQY5AjR6A5E/MmGKJ5JvWHOey6gOEOC6vO8K6C0Y2bQR6KJ8o8aFwHjp/mJ/HcYsQ=="
    },
    "source-map": {
      "version": "0.6.1",
      "resolved": "https://registry.npmjs.org/source-map/-/source-map-0.6.1.tgz",
      "integrity": "sha512-UjgapumWlbMhkBgzT7Ykc5YXUT46F0iKu8SGXq0bcwP5dz/h0Plj6enJqjz1Zbq2l5WaqYnrVbwWOWMyF3F47g=="
    },
    "source-map-js": {
      "version": "1.0.2",
      "resolved": "https://registry.npmjs.org/source-map-js/-/source-map-js-1.0.2.tgz",
      "integrity": "sha512-R0XvVJ9WusLiqTCEiGCmICCMplcCkIwwR11mOSD9CR5u+IXYdiseeEuXCVAjS54zqwkLcPNnmU4OeJ6tUrWhDw=="
    },
    "strip-bom": {
      "version": "2.0.0",
      "resolved": "https://registry.npmjs.org/strip-bom/-/strip-bom-2.0.0.tgz",
      "integrity": "sha512-kwrX1y7czp1E69n2ajbG65mIo9dqvJ+8aBQXOGVxqwvNbsXdFM6Lq37dLAY3mknUwru8CfcCbfOLL/gMo+fi3g==",
      "requires": {
        "is-utf8": "^0.2.0"
      }
    },
    "supports-color": {
      "version": "7.2.0",
      "resolved": "https://registry.npmjs.org/supports-color/-/supports-color-7.2.0.tgz",
      "integrity": "sha512-qpCAvRl9stuOHveKsn7HncJRvv501qIacKzQlO/+Lwxc9+0q2wLyv4Dfvt80/DPn2pqOBsJdDiogXGR9+OvwRw==",
      "requires": {
        "has-flag": "^4.0.0"
      }
    },
    "svg.draggable.js": {
      "version": "2.2.2",
      "resolved": "https://registry.npmjs.org/svg.draggable.js/-/svg.draggable.js-2.2.2.tgz",
      "integrity": "sha512-JzNHBc2fLQMzYCZ90KZHN2ohXL0BQJGQimK1kGk6AvSeibuKcIdDX9Kr0dT9+UJ5O8nYA0RB839Lhvk4CY4MZw==",
      "requires": {
        "svg.js": "^2.0.1"
      }
    },
    "svg.easing.js": {
      "version": "2.0.0",
      "resolved": "https://registry.npmjs.org/svg.easing.js/-/svg.easing.js-2.0.0.tgz",
      "integrity": "sha512-//ctPdJMGy22YoYGV+3HEfHbm6/69LJUTAqI2/5qBvaNHZ9uUFVC82B0Pl299HzgH13rKrBgi4+XyXXyVWWthA==",
      "requires": {
        "svg.js": ">=2.3.x"
      }
    },
    "svg.filter.js": {
      "version": "2.0.2",
      "resolved": "https://registry.npmjs.org/svg.filter.js/-/svg.filter.js-2.0.2.tgz",
      "integrity": "sha512-xkGBwU+dKBzqg5PtilaTb0EYPqPfJ9Q6saVldX+5vCRy31P6TlRCP3U9NxH3HEufkKkpNgdTLBJnmhDHeTqAkw==",
      "requires": {
        "svg.js": "^2.2.5"
      }
    },
    "svg.js": {
      "version": "2.7.1",
      "resolved": "https://registry.npmjs.org/svg.js/-/svg.js-2.7.1.tgz",
      "integrity": "sha512-ycbxpizEQktk3FYvn/8BH+6/EuWXg7ZpQREJvgacqn46gIddG24tNNe4Son6omdXCnSOaApnpZw6MPCBA1dODA=="
    },
    "svg.pathmorphing.js": {
      "version": "0.1.3",
      "resolved": "https://registry.npmjs.org/svg.pathmorphing.js/-/svg.pathmorphing.js-0.1.3.tgz",
      "integrity": "sha512-49HWI9X4XQR/JG1qXkSDV8xViuTLIWm/B/7YuQELV5KMOPtXjiwH4XPJvr/ghEDibmLQ9Oc22dpWpG0vUDDNww==",
      "requires": {
        "svg.js": "^2.4.0"
      }
    },
    "svg.resize.js": {
      "version": "1.4.3",
      "resolved": "https://registry.npmjs.org/svg.resize.js/-/svg.resize.js-1.4.3.tgz",
      "integrity": "sha512-9k5sXJuPKp+mVzXNvxz7U0uC9oVMQrrf7cFsETznzUDDm0x8+77dtZkWdMfRlmbkEEYvUn9btKuZ3n41oNA+uw==",
      "requires": {
        "svg.js": "^2.6.5",
        "svg.select.js": "^2.1.2"
      },
      "dependencies": {
        "svg.select.js": {
          "version": "2.1.2",
          "resolved": "https://registry.npmjs.org/svg.select.js/-/svg.select.js-2.1.2.tgz",
          "integrity": "sha512-tH6ABEyJsAOVAhwcCjF8mw4crjXSI1aa7j2VQR8ZuJ37H2MBUbyeqYr5nEO7sSN3cy9AR9DUwNg0t/962HlDbQ==",
          "requires": {
            "svg.js": "^2.2.5"
          }
        }
      }
    },
    "svg.select.js": {
      "version": "3.0.1",
      "resolved": "https://registry.npmjs.org/svg.select.js/-/svg.select.js-3.0.1.tgz",
      "integrity": "sha512-h5IS/hKkuVCbKSieR9uQCj9w+zLHoPh+ce19bBYyqF53g6mnPB8sAtIbe1s9dh2S2fCmYX2xel1Ln3PJBbK4kw==",
      "requires": {
        "svg.js": "^2.6.5"
      }
    },
    "tinycolor2": {
      "version": "1.4.2",
      "resolved": "https://registry.npmjs.org/tinycolor2/-/tinycolor2-1.4.2.tgz",
      "integrity": "sha512-vJhccZPs965sV/L2sU4oRQVAos0pQXwsvTLkWYdqJ+a8Q5kPFzJTuOFwy7UniPli44NKQGAglksjvOcpo95aZA=="
    },
    "to-regex-range": {
      "version": "5.0.1",
      "resolved": "https://registry.npmjs.org/to-regex-range/-/to-regex-range-5.0.1.tgz",
      "integrity": "sha512-65P7iz6X5yEr1cwcgvQxbbIw7Uk3gOy5dIdtZ4rDveLqhrdJP+Li/Hx6tyK0NEb+2GCyneCMJiGqrADCSNk8sQ==",
      "requires": {
        "is-number": "^7.0.0"
      }
    },
    "tr46": {
      "version": "0.0.3",
      "resolved": "https://registry.npmjs.org/tr46/-/tr46-0.0.3.tgz",
      "integrity": "sha512-N3WMsuqV66lT30CrXNbEjx4GEwlow3v6rr4mCcv6prnfwhS01rkgyFdjPNBYd9br7LpXV1+Emh01fHnq2Gdgrw=="
    },
    "uri-js": {
      "version": "4.4.1",
      "resolved": "https://registry.npmjs.org/uri-js/-/uri-js-4.4.1.tgz",
      "integrity": "sha512-7rKUyy33Q1yc98pQ1DAmLtwX109F7TIfWlW1Ydo8Wl1ii1SeHieeh0HHfPeL2fMXK6z0s8ecKs9frCuLJvndBg==",
      "requires": {
        "punycode": "^2.1.0"
      }
    },
    "uuid": {
      "version": "8.3.2",
      "resolved": "https://registry.npmjs.org/uuid/-/uuid-8.3.2.tgz",
      "integrity": "sha512-+NYs2QeMWy+GWFOEm9xnn6HCDp0l7QBD7ml8zLUmJ+93Q5NF0NocErnwkTkXVFNiX3/fpC6afS8Dhb/gz7R7eg=="
    },
    "vue": {
      "version": "2.7.8",
      "resolved": "https://registry.npmjs.org/vue/-/vue-2.7.8.tgz",
      "integrity": "sha512-ncwlZx5qOcn754bCu5/tS/IWPhXHopfit79cx+uIlLMyt3vCMGcXai5yCG5y+I6cDmEj4ukRYyZail9FTQh7lQ==",
      "requires": {
        "@vue/compiler-sfc": "2.7.8",
        "csstype": "^3.1.0"
      }
    },
    "vue-apexcharts": {
      "version": "1.6.2",
      "resolved": "https://registry.npmjs.org/vue-apexcharts/-/vue-apexcharts-1.6.2.tgz",
      "integrity": "sha512-9HS3scJwWgKjmkcWIf+ndNDR0WytUJD8Ju0V2ZYcjYtlTLwJAf2SKUlBZaQTkDmwje/zMgulvZRi+MXmi+WkKw=="
    },
    "vue-color": {
      "version": "2.8.1",
      "resolved": "https://registry.npmjs.org/vue-color/-/vue-color-2.8.1.tgz",
      "integrity": "sha512-BoLCEHisXi2QgwlhZBg9UepvzZZmi4176vbr+31Shen5WWZwSLVgdScEPcB+yrAtuHAz42309C0A4+WiL9lNBw==",
      "requires": {
        "clamp": "^1.0.1",
        "lodash.throttle": "^4.0.0",
        "material-colors": "^1.0.0",
        "tinycolor2": "^1.1.2"
      }
    },
    "vue-datepicker-ui": {
      "version": "2.3.0",
      "resolved": "https://registry.npmjs.org/vue-datepicker-ui/-/vue-datepicker-ui-2.3.0.tgz",
      "integrity": "sha512-JrbpfrWrmR8tR5Ex+Drt87qDMMCPra3Vl34Cd4TD7510bIx5ZO7+v6NZNxZQTxDRCi8lpq2fAqBIkzqn2NhggA==",
      "requires": {
        "calendar-data-generate": "^1.0.3"
      }
    },
    "vue-demi": {
      "version": "0.13.6",
      "resolved": "https://registry.npmjs.org/vue-demi/-/vue-demi-0.13.6.tgz",
      "integrity": "sha512-02NYpxgyGE2kKGegRPYlNQSL1UWfA/+JqvzhGCOYjhfbLWXU5QQX0+9pAm/R2sCOPKr5NBxVIab7fvFU0B1RxQ=="
    },
    "vue-functional-data-merge": {
      "version": "3.1.0",
      "resolved": "https://registry.npmjs.org/vue-functional-data-merge/-/vue-functional-data-merge-3.1.0.tgz",
      "integrity": "sha512-leT4kdJVQyeZNY1kmnS1xiUlQ9z1B/kdBFCILIjYYQDqZgLqCLa0UhjSSeRX6c3mUe6U5qYeM8LrEqkHJ1B4LA=="
    },
    "vue-grid-layout": {
      "version": "2.4.0",
      "resolved": "https://registry.npmjs.org/vue-grid-layout/-/vue-grid-layout-2.4.0.tgz",
      "integrity": "sha512-MRQVt1BdWDaPN4gKGEKOVVwiTyucqJhrGEyjiY9Muor+dzFFq4Hm0geSpYJpLvC1GLlTL8KWUwy0suKrHm+mqg==",
      "requires": {
        "@interactjs/actions": "1.10.2",
        "@interactjs/auto-scroll": "1.10.2",
        "@interactjs/auto-start": "1.10.2",
        "@interactjs/dev-tools": "1.10.2",
        "@interactjs/interactjs": "1.10.2",
        "@interactjs/modifiers": "1.10.2",
        "element-resize-detector": "^1.2.1"
      }
    },
    "vue-multiselect": {
      "version": "2.1.6",
      "resolved": "https://registry.npmjs.org/vue-multiselect/-/vue-multiselect-2.1.6.tgz",
      "integrity": "sha512-s7jmZPlm9FeueJg1RwJtnE9KNPtME/7C8uRWSfp9/yEN4M8XcS/d+bddoyVwVnvFyRh9msFo0HWeW0vTL8Qv+w=="
    },
    "vue-shared-components": {
      "version": "https://github.com/kuzzleio/vue-shared-components/archive/refs/tags/0.0.1.tar.gz",
      "integrity": "sha512-OxUPz0DvSerNBoP30gO18UJiHvnQqtM04AEz8om86gO4hPOSay+cdUR4HIxd5tQVORLDMjdC4NYZilWwMuclSg==",
      "requires": {
        "bootstrap-vue": "^2.21.2",
        "debounce": "^1.2.1",
        "flat": "^5.0.2",
        "leaflet.markercluster": "^1.5.0",
        "lodash": "^4.17.21",
        "sass": "^1.32.8",
        "sass-loader": "10.1.1",
        "vue": "^2.6.14",
        "vue2-leaflet": "^2.6.0",
        "vue2-leaflet-markercluster": "^3.1.0"
      }
    },
    "vue2-leaflet": {
      "version": "2.7.1",
      "resolved": "https://registry.npmjs.org/vue2-leaflet/-/vue2-leaflet-2.7.1.tgz",
      "integrity": "sha512-K7HOlzRhjt3Z7+IvTqEavIBRbmCwSZSCVUlz9u4Rc+3xGCLsHKz4TAL4diAmfHElCQdPPVdZdJk8wPUt2fu6WQ=="
    },
    "vue2-leaflet-markercluster": {
      "version": "3.1.0",
      "resolved": "https://registry.npmjs.org/vue2-leaflet-markercluster/-/vue2-leaflet-markercluster-3.1.0.tgz",
      "integrity": "sha512-v94tns6/PmBlFaPY2XvCUL69yUwRO43qYAP7T9hLmPDdu3Vgl15SDcC1qara8M56aNzWMPAcfP/uy4toUE5wcA==",
      "requires": {
        "leaflet.markercluster": "^1.4.1"
      }
    },
    "vuex": {
      "version": "3.6.2",
      "resolved": "https://registry.npmjs.org/vuex/-/vuex-3.6.2.tgz",
      "integrity": "sha512-ETW44IqCgBpVomy520DT5jf8n0zoCac+sxWnn+hMe/CzaSejb/eVw2YToiXYX+Ex/AuHHia28vWTq4goAexFbw=="
    },
    "webidl-conversions": {
      "version": "3.0.1",
      "resolved": "https://registry.npmjs.org/webidl-conversions/-/webidl-conversions-3.0.1.tgz",
      "integrity": "sha512-2JAn3z8AR6rjK8Sm8orRC0h/bcl/DqL7tRPdGZ4I1CjdF+EaMLmYxBHyXuKL849eucPFhvBoxMsflfOb8kxaeQ=="
    },
    "whatwg-url": {
      "version": "5.0.0",
      "resolved": "https://registry.npmjs.org/whatwg-url/-/whatwg-url-5.0.0.tgz",
      "integrity": "sha512-saE57nupxk6v3HY35+jzBwYa0rKSy0XR8JSxZPwgLr7ys0IBzhGviA1/TUGJLmSVqs8pb9AnvICXEuOHLprYTw==",
      "requires": {
        "tr46": "~0.0.3",
        "webidl-conversions": "^3.0.0"
      }
    },
    "yallist": {
      "version": "4.0.0",
      "resolved": "https://registry.npmjs.org/yallist/-/yallist-4.0.0.tgz",
      "integrity": "sha512-3wdGidZyq5PB084XLES5TpOSRA3wjXAlIWMhum2kRcv/41Sn2emQ0dycQW4uZXLejwKvg6EsvbdlVL+FYEct7A=="
    }
  }
}
